// !$*UTF8*$!
{
	archiveVersion = 1;
	classes = {
	};
	objectVersion = 56;
	objects = {

/* Begin PBXBuildFile section */
		DD0085A32BEF7E3A000DFDEC /* ColorTestViewController.swift in Sources */ = {isa = PBXBuildFile; fileRef = DD0085A22BEF7E3A000DFDEC /* ColorTestViewController.swift */; };
		DD0085A52BEFA093000DFDEC /* MyCollectionViewCell.swift in Sources */ = {isa = PBXBuildFile; fileRef = DD0085A42BEFA093000DFDEC /* MyCollectionViewCell.swift */; };
		DD1000EF2BED5A8D00EBEBF9 /* TextTestViewController.swift in Sources */ = {isa = PBXBuildFile; fileRef = DD1000EE2BED5A8D00EBEBF9 /* TextTestViewController.swift */; };
		DD18C1682BEBC00200E7B59B /* AppDelegate.swift in Sources */ = {isa = PBXBuildFile; fileRef = DD18C1672BEBC00200E7B59B /* AppDelegate.swift */; };
		DD18C16A2BEBC00200E7B59B /* SceneDelegate.swift in Sources */ = {isa = PBXBuildFile; fileRef = DD18C1692BEBC00200E7B59B /* SceneDelegate.swift */; };
		DD18C16C2BEBC00200E7B59B /* MenuViewController.swift in Sources */ = {isa = PBXBuildFile; fileRef = DD18C16B2BEBC00200E7B59B /* MenuViewController.swift */; };
		DD18C16F2BEBC00300E7B59B /* Main.storyboard in Resources */ = {isa = PBXBuildFile; fileRef = DD18C16D2BEBC00300E7B59B /* Main.storyboard */; };
		DD18C1712BEBC00400E7B59B /* Assets.xcassets in Resources */ = {isa = PBXBuildFile; fileRef = DD18C1702BEBC00400E7B59B /* Assets.xcassets */; };
		DD18C1742BEBC00400E7B59B /* LaunchScreen.storyboard in Resources */ = {isa = PBXBuildFile; fileRef = DD18C1722BEBC00400E7B59B /* LaunchScreen.storyboard */; };
		DD266A862BFD2163003B2E0A /* ExtensionUIView.swift in Sources */ = {isa = PBXBuildFile; fileRef = DD266A852BFD2163003B2E0A /* ExtensionUIView.swift */; };
		DD266A882BFD21C6003B2E0A /* ExtensionUIColor.swift in Sources */ = {isa = PBXBuildFile; fileRef = DD266A872BFD21C6003B2E0A /* ExtensionUIColor.swift */; };
		DD266A8A2BFD221A003B2E0A /* ExtensionUIDevice.swift in Sources */ = {isa = PBXBuildFile; fileRef = DD266A892BFD221A003B2E0A /* ExtensionUIDevice.swift */; };
		DD71F5262BECE97500A01D79 /* ActionRowView.swift in Sources */ = {isa = PBXBuildFile; fileRef = DD71F5252BECE97500A01D79 /* ActionRowView.swift */; };
		DD71F5282BECE98A00A01D79 /* ActionRowView.xib in Resources */ = {isa = PBXBuildFile; fileRef = DD71F5272BECE98A00A01D79 /* ActionRowView.xib */; };
		DD71F52D2BED1BD300A01D79 /* DeviceKit in Frameworks */ = {isa = PBXBuildFile; productRef = DD71F52C2BED1BD300A01D79 /* DeviceKit */; };
		DD71F5312BED2D8A00A01D79 /* IntroViewController.swift in Sources */ = {isa = PBXBuildFile; fileRef = DD71F5302BED2D8A00A01D79 /* IntroViewController.swift */; };
		DD7292092BFC9F5B00AE89C6 /* PingTestViewController.swift in Sources */ = {isa = PBXBuildFile; fileRef = DD7292082BFC9F5B00AE89C6 /* PingTestViewController.swift */; };
		DD779C002BEE6060007D514C /* CustomGotItButton.swift in Sources */ = {isa = PBXBuildFile; fileRef = DD779BFF2BEE6060007D514C /* CustomGotItButton.swift */; };
		DD779F5B2C0122BC00CF1120 /* Localizable.strings in Resources */ = {isa = PBXBuildFile; fileRef = DD779F5D2C0122BC00CF1120 /* Localizable.strings */; };
		DDD8024A2BFBCFC30087DE28 /* PingTestView.xib in Resources */ = {isa = PBXBuildFile; fileRef = DDD802492BFBCFC30087DE28 /* PingTestView.xib */; };
		DDD8024C2BFBD9470087DE28 /* PingTestView.swift in Sources */ = {isa = PBXBuildFile; fileRef = DDD8024B2BFBD9470087DE28 /* PingTestView.swift */; };
		DDDDE2C02BF663FF001A3BFE /* DetailColorViewController.swift in Sources */ = {isa = PBXBuildFile; fileRef = DDDDE2BF2BF663FF001A3BFE /* DetailColorViewController.swift */; };
/* End PBXBuildFile section */

/* Begin PBXFileReference section */
		DD0085A22BEF7E3A000DFDEC /* ColorTestViewController.swift */ = {isa = PBXFileReference; lastKnownFileType = sourcecode.swift; path = ColorTestViewController.swift; sourceTree = "<group>"; };
		DD0085A42BEFA093000DFDEC /* MyCollectionViewCell.swift */ = {isa = PBXFileReference; lastKnownFileType = sourcecode.swift; path = MyCollectionViewCell.swift; sourceTree = "<group>"; };
		DD1000EE2BED5A8D00EBEBF9 /* TextTestViewController.swift */ = {isa = PBXFileReference; lastKnownFileType = sourcecode.swift; path = TextTestViewController.swift; sourceTree = "<group>"; };
		DD18C1642BEBC00200E7B59B /* ScreenInspect.app */ = {isa = PBXFileReference; explicitFileType = wrapper.application; includeInIndex = 0; path = ScreenInspect.app; sourceTree = BUILT_PRODUCTS_DIR; };
		DD18C1672BEBC00200E7B59B /* AppDelegate.swift */ = {isa = PBXFileReference; lastKnownFileType = sourcecode.swift; path = AppDelegate.swift; sourceTree = "<group>"; };
		DD18C1692BEBC00200E7B59B /* SceneDelegate.swift */ = {isa = PBXFileReference; lastKnownFileType = sourcecode.swift; path = SceneDelegate.swift; sourceTree = "<group>"; };
		DD18C16B2BEBC00200E7B59B /* MenuViewController.swift */ = {isa = PBXFileReference; lastKnownFileType = sourcecode.swift; path = MenuViewController.swift; sourceTree = "<group>"; };
		DD18C16E2BEBC00300E7B59B /* Base */ = {isa = PBXFileReference; lastKnownFileType = file.storyboard; name = Base; path = Base.lproj/Main.storyboard; sourceTree = "<group>"; };
		DD18C1702BEBC00400E7B59B /* Assets.xcassets */ = {isa = PBXFileReference; lastKnownFileType = folder.assetcatalog; path = Assets.xcassets; sourceTree = "<group>"; };
		DD18C1732BEBC00400E7B59B /* Base */ = {isa = PBXFileReference; lastKnownFileType = file.storyboard; name = Base; path = Base.lproj/LaunchScreen.storyboard; sourceTree = "<group>"; };
		DD18C1752BEBC00400E7B59B /* Info.plist */ = {isa = PBXFileReference; lastKnownFileType = text.plist.xml; path = Info.plist; sourceTree = "<group>"; };
		DD266A852BFD2163003B2E0A /* ExtensionUIView.swift */ = {isa = PBXFileReference; lastKnownFileType = sourcecode.swift; path = ExtensionUIView.swift; sourceTree = "<group>"; };
		DD266A872BFD21C6003B2E0A /* ExtensionUIColor.swift */ = {isa = PBXFileReference; lastKnownFileType = sourcecode.swift; path = ExtensionUIColor.swift; sourceTree = "<group>"; };
		DD266A892BFD221A003B2E0A /* ExtensionUIDevice.swift */ = {isa = PBXFileReference; lastKnownFileType = sourcecode.swift; path = ExtensionUIDevice.swift; sourceTree = "<group>"; };
		DD71F5252BECE97500A01D79 /* ActionRowView.swift */ = {isa = PBXFileReference; lastKnownFileType = sourcecode.swift; path = ActionRowView.swift; sourceTree = "<group>"; };
		DD71F5272BECE98A00A01D79 /* ActionRowView.xib */ = {isa = PBXFileReference; lastKnownFileType = file.xib; path = ActionRowView.xib; sourceTree = "<group>"; };
		DD71F5302BED2D8A00A01D79 /* IntroViewController.swift */ = {isa = PBXFileReference; lastKnownFileType = sourcecode.swift; path = IntroViewController.swift; sourceTree = "<group>"; };
		DD7292082BFC9F5B00AE89C6 /* PingTestViewController.swift */ = {isa = PBXFileReference; lastKnownFileType = sourcecode.swift; path = PingTestViewController.swift; sourceTree = "<group>"; };
		DD779BFF2BEE6060007D514C /* CustomGotItButton.swift */ = {isa = PBXFileReference; lastKnownFileType = sourcecode.swift; path = CustomGotItButton.swift; sourceTree = "<group>"; };
		DD779F5C2C0122BC00CF1120 /* en */ = {isa = PBXFileReference; lastKnownFileType = text.plist.strings; name = en; path = en.lproj/Localizable.strings; sourceTree = "<group>"; };
		DD779F5E2C01230300CF1120 /* uk */ = {isa = PBXFileReference; lastKnownFileType = text.plist.strings; name = uk; path = uk.lproj/Localizable.strings; sourceTree = "<group>"; };
		DDD802492BFBCFC30087DE28 /* PingTestView.xib */ = {isa = PBXFileReference; lastKnownFileType = file.xib; path = PingTestView.xib; sourceTree = "<group>"; };
		DDD8024B2BFBD9470087DE28 /* PingTestView.swift */ = {isa = PBXFileReference; lastKnownFileType = sourcecode.swift; path = PingTestView.swift; sourceTree = "<group>"; };
		DDDDE2BF2BF663FF001A3BFE /* DetailColorViewController.swift */ = {isa = PBXFileReference; lastKnownFileType = sourcecode.swift; path = DetailColorViewController.swift; sourceTree = "<group>"; };
/* End PBXFileReference section */

/* Begin PBXFrameworksBuildPhase section */
		DD18C1612BEBC00200E7B59B /* Frameworks */ = {
			isa = PBXFrameworksBuildPhase;
			buildActionMask = 2147483647;
			files = (
				DD71F52D2BED1BD300A01D79 /* DeviceKit in Frameworks */,
			);
			runOnlyForDeploymentPostprocessing = 0;
		};
/* End PBXFrameworksBuildPhase section */

/* Begin PBXGroup section */
		DD18C15B2BEBC00200E7B59B = {
			isa = PBXGroup;
			children = (
				DD18C1662BEBC00200E7B59B /* ScreenInspect */,
				DD18C1652BEBC00200E7B59B /* Products */,
			);
			sourceTree = "<group>";
		};
		DD18C1652BEBC00200E7B59B /* Products */ = {
			isa = PBXGroup;
			children = (
				DD18C1642BEBC00200E7B59B /* ScreenInspect.app */,
			);
			name = Products;
			sourceTree = "<group>";
		};
		DD18C1662BEBC00200E7B59B /* ScreenInspect */ = {
			isa = PBXGroup;
			children = (
				DD742A492BF7EF0700FA7D14 /* View Controllers */,
				DD266A8B2BFD2B97003B2E0A /* Custom Views */,
				DD266A842BFD211E003B2E0A /* Extensions */,
				DD18C1692BEBC00200E7B59B /* SceneDelegate.swift */,
				DD18C1672BEBC00200E7B59B /* AppDelegate.swift */,
				DD18C16D2BEBC00300E7B59B /* Main.storyboard */,
				DD18C1702BEBC00400E7B59B /* Assets.xcassets */,
				DD18C1722BEBC00400E7B59B /* LaunchScreen.storyboard */,
				DD18C1752BEBC00400E7B59B /* Info.plist */,
			);
			path = ScreenInspect;
			sourceTree = "<group>";
		};
		DD266A842BFD211E003B2E0A /* Extensions */ = {
			isa = PBXGroup;
			children = (
				DD266A852BFD2163003B2E0A /* ExtensionUIView.swift */,
				DD266A872BFD21C6003B2E0A /* ExtensionUIColor.swift */,
				DD266A892BFD221A003B2E0A /* ExtensionUIDevice.swift */,
			);
			path = Extensions;
			sourceTree = "<group>";
		};
		DD266A8B2BFD2B97003B2E0A /* Custom Views */ = {
			isa = PBXGroup;
			children = (
				DD71F5272BECE98A00A01D79 /* ActionRowView.xib */,
				DD71F5252BECE97500A01D79 /* ActionRowView.swift */,
				DDD802492BFBCFC30087DE28 /* PingTestView.xib */,
				DDD8024B2BFBD9470087DE28 /* PingTestView.swift */,
				DD0085A42BEFA093000DFDEC /* MyCollectionViewCell.swift */,
				DD779BFF2BEE6060007D514C /* CustomGotItButton.swift */,
			);
			path = "Custom Views";
			sourceTree = "<group>";
		};
		DD742A492BF7EF0700FA7D14 /* View Controllers */ = {
			isa = PBXGroup;
			children = (
				DD18C16B2BEBC00200E7B59B /* MenuViewController.swift */,
				DD779F5D2C0122BC00CF1120 /* Localizable.strings */,
				DD71F5302BED2D8A00A01D79 /* IntroViewController.swift */,
				DD1000EE2BED5A8D00EBEBF9 /* TextTestViewController.swift */,
				DD0085A22BEF7E3A000DFDEC /* ColorTestViewController.swift */,
				DDDDE2BF2BF663FF001A3BFE /* DetailColorViewController.swift */,
				DD7292082BFC9F5B00AE89C6 /* PingTestViewController.swift */,
			);
			path = "View Controllers";
			sourceTree = "<group>";
		};
/* End PBXGroup section */

/* Begin PBXNativeTarget section */
		DD18C1632BEBC00200E7B59B /* ScreenInspect */ = {
			isa = PBXNativeTarget;
			buildConfigurationList = DD18C1782BEBC00400E7B59B /* Build configuration list for PBXNativeTarget "ScreenInspect" */;
			buildPhases = (
				DD18C1602BEBC00200E7B59B /* Sources */,
				DD18C1612BEBC00200E7B59B /* Frameworks */,
				DD18C1622BEBC00200E7B59B /* Resources */,
			);
			buildRules = (
			);
			dependencies = (
			);
			name = ScreenInspect;
			packageProductDependencies = (
				DD71F52C2BED1BD300A01D79 /* DeviceKit */,
			);
			productName = ScreenInspect;
			productReference = DD18C1642BEBC00200E7B59B /* ScreenInspect.app */;
			productType = "com.apple.product-type.application";
		};
/* End PBXNativeTarget section */

/* Begin PBXProject section */
		DD18C15C2BEBC00200E7B59B /* Project object */ = {
			isa = PBXProject;
			attributes = {
				BuildIndependentTargetsInParallel = 1;
				LastSwiftUpdateCheck = 1500;
				LastUpgradeCheck = 1500;
				TargetAttributes = {
					DD18C1632BEBC00200E7B59B = {
						CreatedOnToolsVersion = 15.0.1;
					};
				};
			};
			buildConfigurationList = DD18C15F2BEBC00200E7B59B /* Build configuration list for PBXProject "ScreenInspect" */;
			compatibilityVersion = "Xcode 14.0";
			developmentRegion = en;
			hasScannedForEncodings = 0;
			knownRegions = (
				en,
				Base,
				uk,
			);
			mainGroup = DD18C15B2BEBC00200E7B59B;
			packageReferences = (
				DD71F52B2BED1BD300A01D79 /* XCRemoteSwiftPackageReference "DeviceKit" */,
			);
			productRefGroup = DD18C1652BEBC00200E7B59B /* Products */;
			projectDirPath = "";
			projectRoot = "";
			targets = (
				DD18C1632BEBC00200E7B59B /* ScreenInspect */,
			);
		};
/* End PBXProject section */

/* Begin PBXResourcesBuildPhase section */
		DD18C1622BEBC00200E7B59B /* Resources */ = {
			isa = PBXResourcesBuildPhase;
			buildActionMask = 2147483647;
			files = (
				DDD8024A2BFBCFC30087DE28 /* PingTestView.xib in Resources */,
				DD779F5B2C0122BC00CF1120 /* Localizable.strings in Resources */,
				DD18C1742BEBC00400E7B59B /* LaunchScreen.storyboard in Resources */,
				DD18C1712BEBC00400E7B59B /* Assets.xcassets in Resources */,
				DD18C16F2BEBC00300E7B59B /* Main.storyboard in Resources */,
				DD71F5282BECE98A00A01D79 /* ActionRowView.xib in Resources */,
			);
			runOnlyForDeploymentPostprocessing = 0;
		};
/* End PBXResourcesBuildPhase section */

/* Begin PBXSourcesBuildPhase section */
		DD18C1602BEBC00200E7B59B /* Sources */ = {
			isa = PBXSourcesBuildPhase;
			buildActionMask = 2147483647;
			files = (
				DD0085A32BEF7E3A000DFDEC /* ColorTestViewController.swift in Sources */,
				DDD8024C2BFBD9470087DE28 /* PingTestView.swift in Sources */,
				DD266A862BFD2163003B2E0A /* ExtensionUIView.swift in Sources */,
				DD779C002BEE6060007D514C /* CustomGotItButton.swift in Sources */,
				DD18C16C2BEBC00200E7B59B /* MenuViewController.swift in Sources */,
				DD18C1682BEBC00200E7B59B /* AppDelegate.swift in Sources */,
				DDDDE2C02BF663FF001A3BFE /* DetailColorViewController.swift in Sources */,
				DD71F5312BED2D8A00A01D79 /* IntroViewController.swift in Sources */,
				DD7292092BFC9F5B00AE89C6 /* PingTestViewController.swift in Sources */,
				DD0085A52BEFA093000DFDEC /* MyCollectionViewCell.swift in Sources */,
				DD18C16A2BEBC00200E7B59B /* SceneDelegate.swift in Sources */,
				DD71F5262BECE97500A01D79 /* ActionRowView.swift in Sources */,
				DD266A8A2BFD221A003B2E0A /* ExtensionUIDevice.swift in Sources */,
				DD266A882BFD21C6003B2E0A /* ExtensionUIColor.swift in Sources */,
				DD1000EF2BED5A8D00EBEBF9 /* TextTestViewController.swift in Sources */,
			);
			runOnlyForDeploymentPostprocessing = 0;
		};
/* End PBXSourcesBuildPhase section */

/* Begin PBXVariantGroup section */
		DD18C16D2BEBC00300E7B59B /* Main.storyboard */ = {
			isa = PBXVariantGroup;
			children = (
				DD18C16E2BEBC00300E7B59B /* Base */,
			);
			name = Main.storyboard;
			sourceTree = "<group>";
		};
		DD18C1722BEBC00400E7B59B /* LaunchScreen.storyboard */ = {
			isa = PBXVariantGroup;
			children = (
				DD18C1732BEBC00400E7B59B /* Base */,
			);
			name = LaunchScreen.storyboard;
			sourceTree = "<group>";
		};
		DD779F5D2C0122BC00CF1120 /* Localizable.strings */ = {
			isa = PBXVariantGroup;
			children = (
				DD779F5C2C0122BC00CF1120 /* en */,
				DD779F5E2C01230300CF1120 /* uk */,
			);
			name = Localizable.strings;
			sourceTree = "<group>";
		};
/* End PBXVariantGroup section */

/* Begin XCBuildConfiguration section */
		DD18C1762BEBC00400E7B59B /* Debug */ = {
			isa = XCBuildConfiguration;
			buildSettings = {
				ALWAYS_SEARCH_USER_PATHS = NO;
				ASSETCATALOG_COMPILER_GENERATE_SWIFT_ASSET_SYMBOL_EXTENSIONS = YES;
				CLANG_ANALYZER_LOCALIZABILITY_NONLOCALIZED = YES;
				CLANG_ANALYZER_NONNULL = YES;
				CLANG_ANALYZER_NUMBER_OBJECT_CONVERSION = YES_AGGRESSIVE;
				CLANG_CXX_LANGUAGE_STANDARD = "gnu++20";
				CLANG_ENABLE_MODULES = YES;
				CLANG_ENABLE_OBJC_ARC = YES;
				CLANG_ENABLE_OBJC_WEAK = YES;
				CLANG_WARN_BLOCK_CAPTURE_AUTORELEASING = YES;
				CLANG_WARN_BOOL_CONVERSION = YES;
				CLANG_WARN_COMMA = YES;
				CLANG_WARN_CONSTANT_CONVERSION = YES;
				CLANG_WARN_DEPRECATED_OBJC_IMPLEMENTATIONS = YES;
				CLANG_WARN_DIRECT_OBJC_ISA_USAGE = YES_ERROR;
				CLANG_WARN_DOCUMENTATION_COMMENTS = YES;
				CLANG_WARN_EMPTY_BODY = YES;
				CLANG_WARN_ENUM_CONVERSION = YES;
				CLANG_WARN_INFINITE_RECURSION = YES;
				CLANG_WARN_INT_CONVERSION = YES;
				CLANG_WARN_NON_LITERAL_NULL_CONVERSION = YES;
				CLANG_WARN_OBJC_IMPLICIT_RETAIN_SELF = YES;
				CLANG_WARN_OBJC_LITERAL_CONVERSION = YES;
				CLANG_WARN_OBJC_ROOT_CLASS = YES_ERROR;
				CLANG_WARN_QUOTED_INCLUDE_IN_FRAMEWORK_HEADER = YES;
				CLANG_WARN_RANGE_LOOP_ANALYSIS = YES;
				CLANG_WARN_STRICT_PROTOTYPES = YES;
				CLANG_WARN_SUSPICIOUS_MOVE = YES;
				CLANG_WARN_UNGUARDED_AVAILABILITY = YES_AGGRESSIVE;
				CLANG_WARN_UNREACHABLE_CODE = YES;
				CLANG_WARN__DUPLICATE_METHOD_MATCH = YES;
				COPY_PHASE_STRIP = NO;
				DEBUG_INFORMATION_FORMAT = dwarf;
				ENABLE_STRICT_OBJC_MSGSEND = YES;
				ENABLE_TESTABILITY = YES;
				ENABLE_USER_SCRIPT_SANDBOXING = YES;
				GCC_C_LANGUAGE_STANDARD = gnu17;
				GCC_DYNAMIC_NO_PIC = NO;
				GCC_NO_COMMON_BLOCKS = YES;
				GCC_OPTIMIZATION_LEVEL = 0;
				GCC_PREPROCESSOR_DEFINITIONS = (
					"DEBUG=1",
					"$(inherited)",
				);
				GCC_WARN_64_TO_32_BIT_CONVERSION = YES;
				GCC_WARN_ABOUT_RETURN_TYPE = YES_ERROR;
				GCC_WARN_UNDECLARED_SELECTOR = YES;
				GCC_WARN_UNINITIALIZED_AUTOS = YES_AGGRESSIVE;
				GCC_WARN_UNUSED_FUNCTION = YES;
				GCC_WARN_UNUSED_VARIABLE = YES;
				IPHONEOS_DEPLOYMENT_TARGET = 17.0;
				LOCALIZATION_PREFERS_STRING_CATALOGS = YES;
				MTL_ENABLE_DEBUG_INFO = INCLUDE_SOURCE;
				MTL_FAST_MATH = YES;
				ONLY_ACTIVE_ARCH = YES;
				SDKROOT = iphoneos;
				SWIFT_ACTIVE_COMPILATION_CONDITIONS = "DEBUG $(inherited)";
				SWIFT_OPTIMIZATION_LEVEL = "-Onone";
			};
			name = Debug;
		};
		DD18C1772BEBC00400E7B59B /* Release */ = {
			isa = XCBuildConfiguration;
			buildSettings = {
				ALWAYS_SEARCH_USER_PATHS = NO;
				ASSETCATALOG_COMPILER_GENERATE_SWIFT_ASSET_SYMBOL_EXTENSIONS = YES;
				CLANG_ANALYZER_LOCALIZABILITY_NONLOCALIZED = YES;
				CLANG_ANALYZER_NONNULL = YES;
				CLANG_ANALYZER_NUMBER_OBJECT_CONVERSION = YES_AGGRESSIVE;
				CLANG_CXX_LANGUAGE_STANDARD = "gnu++20";
				CLANG_ENABLE_MODULES = YES;
				CLANG_ENABLE_OBJC_ARC = YES;
				CLANG_ENABLE_OBJC_WEAK = YES;
				CLANG_WARN_BLOCK_CAPTURE_AUTORELEASING = YES;
				CLANG_WARN_BOOL_CONVERSION = YES;
				CLANG_WARN_COMMA = YES;
				CLANG_WARN_CONSTANT_CONVERSION = YES;
				CLANG_WARN_DEPRECATED_OBJC_IMPLEMENTATIONS = YES;
				CLANG_WARN_DIRECT_OBJC_ISA_USAGE = YES_ERROR;
				CLANG_WARN_DOCUMENTATION_COMMENTS = YES;
				CLANG_WARN_EMPTY_BODY = YES;
				CLANG_WARN_ENUM_CONVERSION = YES;
				CLANG_WARN_INFINITE_RECURSION = YES;
				CLANG_WARN_INT_CONVERSION = YES;
				CLANG_WARN_NON_LITERAL_NULL_CONVERSION = YES;
				CLANG_WARN_OBJC_IMPLICIT_RETAIN_SELF = YES;
				CLANG_WARN_OBJC_LITERAL_CONVERSION = YES;
				CLANG_WARN_OBJC_ROOT_CLASS = YES_ERROR;
				CLANG_WARN_QUOTED_INCLUDE_IN_FRAMEWORK_HEADER = YES;
				CLANG_WARN_RANGE_LOOP_ANALYSIS = YES;
				CLANG_WARN_STRICT_PROTOTYPES = YES;
				CLANG_WARN_SUSPICIOUS_MOVE = YES;
				CLANG_WARN_UNGUARDED_AVAILABILITY = YES_AGGRESSIVE;
				CLANG_WARN_UNREACHABLE_CODE = YES;
				CLANG_WARN__DUPLICATE_METHOD_MATCH = YES;
				COPY_PHASE_STRIP = NO;
				DEBUG_INFORMATION_FORMAT = "dwarf-with-dsym";
				ENABLE_NS_ASSERTIONS = NO;
				ENABLE_STRICT_OBJC_MSGSEND = YES;
				ENABLE_USER_SCRIPT_SANDBOXING = YES;
				GCC_C_LANGUAGE_STANDARD = gnu17;
				GCC_NO_COMMON_BLOCKS = YES;
				GCC_WARN_64_TO_32_BIT_CONVERSION = YES;
				GCC_WARN_ABOUT_RETURN_TYPE = YES_ERROR;
				GCC_WARN_UNDECLARED_SELECTOR = YES;
				GCC_WARN_UNINITIALIZED_AUTOS = YES_AGGRESSIVE;
				GCC_WARN_UNUSED_FUNCTION = YES;
				GCC_WARN_UNUSED_VARIABLE = YES;
				IPHONEOS_DEPLOYMENT_TARGET = 17.0;
				LOCALIZATION_PREFERS_STRING_CATALOGS = YES;
				MTL_ENABLE_DEBUG_INFO = NO;
				MTL_FAST_MATH = YES;
				SDKROOT = iphoneos;
				SWIFT_COMPILATION_MODE = wholemodule;
				VALIDATE_PRODUCT = YES;
			};
			name = Release;
		};
		DD18C1792BEBC00400E7B59B /* Debug */ = {
			isa = XCBuildConfiguration;
			buildSettings = {
				ASSETCATALOG_COMPILER_APPICON_NAME = AppIcon;
				ASSETCATALOG_COMPILER_GLOBAL_ACCENT_COLOR_NAME = AccentColor;
				CODE_SIGN_STYLE = Automatic;
				CURRENT_PROJECT_VERSION = 1;
				DEVELOPMENT_TEAM = 55WUFR84L6;
				GENERATE_INFOPLIST_FILE = YES;
				INFOPLIST_FILE = ScreenInspect/Info.plist;
				INFOPLIST_KEY_UIApplicationSupportsIndirectInputEvents = YES;
				INFOPLIST_KEY_UILaunchStoryboardName = LaunchScreen.storyboard;
				INFOPLIST_KEY_UIMainStoryboardFile = Main;
				INFOPLIST_KEY_UISupportedInterfaceOrientations = UIInterfaceOrientationPortrait;
				LD_RUNPATH_SEARCH_PATHS = (
					"$(inherited)",
					"@executable_path/Frameworks",
				);
				MARKETING_VERSION = 1.0;
				PRODUCT_BUNDLE_IDENTIFIER = project.ScreenInspect;
				PRODUCT_NAME = "$(TARGET_NAME)";
				SWIFT_EMIT_LOC_STRINGS = YES;
				SWIFT_VERSION = 5.0;
				TARGETED_DEVICE_FAMILY = "1,2";
			};
			name = Debug;
		};
		DD18C17A2BEBC00400E7B59B /* Release */ = {
			isa = XCBuildConfiguration;
			buildSettings = {
				ASSETCATALOG_COMPILER_APPICON_NAME = AppIcon;
				ASSETCATALOG_COMPILER_GLOBAL_ACCENT_COLOR_NAME = AccentColor;
				CODE_SIGN_STYLE = Automatic;
				CURRENT_PROJECT_VERSION = 1;
				DEVELOPMENT_TEAM = 55WUFR84L6;
				GENERATE_INFOPLIST_FILE = YES;
				INFOPLIST_FILE = ScreenInspect/Info.plist;
				INFOPLIST_KEY_UIApplicationSupportsIndirectInputEvents = YES;
				INFOPLIST_KEY_UILaunchStoryboardName = LaunchScreen.storyboard;
				INFOPLIST_KEY_UIMainStoryboardFile = Main;
				INFOPLIST_KEY_UISupportedInterfaceOrientations = UIInterfaceOrientationPortrait;
				LD_RUNPATH_SEARCH_PATHS = (
					"$(inherited)",
					"@executable_path/Frameworks",
				);
				MARKETING_VERSION = 1.0;
				PRODUCT_BUNDLE_IDENTIFIER = project.ScreenInspect;
				PRODUCT_NAME = "$(TARGET_NAME)";
				SWIFT_EMIT_LOC_STRINGS = YES;
				SWIFT_VERSION = 5.0;
				TARGETED_DEVICE_FAMILY = "1,2";
			};
			name = Release;
		};
/* End XCBuildConfiguration section */

/* Begin XCConfigurationList section */
		DD18C15F2BEBC00200E7B59B /* Build configuration list for PBXProject "ScreenInspect" */ = {
			isa = XCConfigurationList;
			buildConfigurations = (
				DD18C1762BEBC00400E7B59B /* Debug */,
				DD18C1772BEBC00400E7B59B /* Release */,
			);
			defaultConfigurationIsVisible = 0;
			defaultConfigurationName = Release;
		};
		DD18C1782BEBC00400E7B59B /* Build configuration list for PBXNativeTarget "ScreenInspect" */ = {
			isa = XCConfigurationList;
			buildConfigurations = (
				DD18C1792BEBC00400E7B59B /* Debug */,
				DD18C17A2BEBC00400E7B59B /* Release */,
			);
			defaultConfigurationIsVisible = 0;
			defaultConfigurationName = Release;
		};
/* End XCConfigurationList section */

/* Begin XCRemoteSwiftPackageReference section */
		DD71F52B2BED1BD300A01D79 /* XCRemoteSwiftPackageReference "DeviceKit" */ = {
			isa = XCRemoteSwiftPackageReference;
			repositoryURL = "https://github.com/devicekit/DeviceKit.git";
			requirement = {
				kind = upToNextMajorVersion;
				minimumVersion = 5.2.3;
			};
		};
/* End XCRemoteSwiftPackageReference section */

/* Begin XCSwiftPackageProductDependency section */
		DD71F52C2BED1BD300A01D79 /* DeviceKit */ = {
			isa = XCSwiftPackageProductDependency;
			package = DD71F52B2BED1BD300A01D79 /* XCRemoteSwiftPackageReference "DeviceKit" */;
			productName = DeviceKit;
		};
/* End XCSwiftPackageProductDependency section */
	};
	rootObject = DD18C15C2BEBC00200E7B59B /* Project object */;
}
